
Microsoft Visual Studio Solution File, Format Version 12.00
# Visual Studio Version 17
VisualStudioVersion = 17.14.36327.8 d17.14
MinimumVisualStudioVersion = 10.0.40219.1
Project("{FAE04EC0-301F-11D3-BF4B-00C04F79EFBC}") = "BeatCfgMaker", "BeatCfgMaker.csproj", "{61F15AA5-11C4-40B8-85AA-40CA3AD86899}"
EndProject
Global
	GlobalSection(SolutionConfigurationPlatforms) = preSolution
		Debug|Any CPU = Debug|Any CPU
		Release|Any CPU = Release|Any CPU
	EndGlobalSection
	GlobalSection(ProjectConfigurationPlatforms) = postSolution
		{61F15AA5-11C4-40B8-85AA-40CA3AD86899}.Debug|Any CPU.ActiveCfg = Debug|Any CPU
		{61F15AA5-11C4-40B8-85AA-40CA3AD86899}.Debug|Any CPU.Build.0 = Debug|Any CPU
		{61F15AA5-11C4-40B8-85AA-40CA3AD86899}.Release|Any CPU.ActiveCfg = Release|Any CPU
		{61F15AA5-11C4-40B8-85AA-40CA3AD86899}.Release|Any CPU.Build.0 = Release|Any CPU
	EndGlobalSection
	GlobalSection(SolutionProperties) = preSolution
		HideSolutionNode = FALSE
	EndGlobalSection
	GlobalSection(ExtensibilityGlobals) = postSolution
		SolutionGuid = {60F42530-6F39-4073-BC33-942CA58F4286}
	EndGlobalSection
EndGlobal
